speakeasyVersion: 1.487.0
sources:
    petstore-oas:
        sourceNamespace: petstore-oas
        sourceRevisionDigest: sha256:a3d2294441598ff538af6c9069a26691d5ce5aa0999f326d2acdcec5d555d154
        sourceBlobDigest: sha256:349d8998fca4ef442f5f315156f349c8f816bc247f93337a06b3cef23fdaca5f
        tags:
            - latest
            - speakeasy-sdk-regen-1738890859
            - 4.0.0
targets:
    petstore:
        source: petstore-oas
        sourceNamespace: petstore-oas
        sourceRevisionDigest: sha256:a3d2294441598ff538af6c9069a26691d5ce5aa0999f326d2acdcec5d555d154
        sourceBlobDigest: sha256:349d8998fca4ef442f5f315156f349c8f816bc247f93337a06b3cef23fdaca5f
        codeSamplesNamespace: petstore-oas-go-code-samples
        codeSamplesRevisionDigest: sha256:effaef14e5dacb39734c8a98fecd183b5634f9ff9d95fe703860d5cb0122357a
workflow:
    workflowVersion: 1.0.0
    speakeasyVersion: latest
    sources:
        petstore-oas:
            inputs:
                - location: openapi.json
            registry:
                location: registry.speakeasyapi.dev/ryan-local/ryan-docs-demo/petstore-oas
    targets:
        petstore:
            target: go
            source: petstore-oas
            output: .
            codeSamples:
                registry:
                    location: registry.speakeasyapi.dev/ryan-local/ryan-docs-demo/petstore-oas-go-code-samples
                blocking: false
